
Microsoft Visual Studio Solution File, Format Version 10.00
# Visual Studio 2008
Project("{FAE04EC0-301F-11D3-BF4B-00C04F79EFBC}") = "JSBuilder", "JSBuilder\JSBuilder.csproj", "{AF24B5DE-967A-4069-9B7E-C2D9A87632EA}"
EndProject
Project("{9344bdbb-3e7f-41fc-a0dd-8665d75ee146}") = "Packaging", "Packaging\Packaging.mdproj", "{7182D4B3-F912-42BC-87B2-29908571798B}"
EndProject
Project("{FAE04EC0-301F-11D3-BF4B-00C04F79EFBC}") = "test", "test\test.csproj", "{86793818-F67F-4A8F-89A1-7DBF5C457055}"
EndProject
Global
	GlobalSection(SolutionConfigurationPlatforms) = preSolution
		Debug|Any CPU = Debug|Any CPU
		Release|Any CPU = Release|Any CPU
		Test|Any CPU = Test|Any CPU
	EndGlobalSection
	GlobalSection(ProjectConfigurationPlatforms) = postSolution
		{7182D4B3-F912-42BC-87B2-29908571798B}.Debug|Any CPU.ActiveCfg = Debug|Any CPU
		{7182D4B3-F912-42BC-87B2-29908571798B}.Release|Any CPU.ActiveCfg = Release|Any CPU
		{7182D4B3-F912-42BC-87B2-29908571798B}.Test|Any CPU.ActiveCfg = Test|Any CPU
		{86793818-F67F-4A8F-89A1-7DBF5C457055}.Debug|Any CPU.ActiveCfg = Debug|Any CPU
		{86793818-F67F-4A8F-89A1-7DBF5C457055}.Debug|Any CPU.Build.0 = Debug|Any CPU
		{86793818-F67F-4A8F-89A1-7DBF5C457055}.Release|Any CPU.ActiveCfg = Release|Any CPU
		{86793818-F67F-4A8F-89A1-7DBF5C457055}.Release|Any CPU.Build.0 = Release|Any CPU
		{86793818-F67F-4A8F-89A1-7DBF5C457055}.Test|Any CPU.ActiveCfg = Test|Any CPU
		{86793818-F67F-4A8F-89A1-7DBF5C457055}.Test|Any CPU.Build.0 = Test|Any CPU
		{AF24B5DE-967A-4069-9B7E-C2D9A87632EA}.Debug|Any CPU.ActiveCfg = Debug|Any CPU
		{AF24B5DE-967A-4069-9B7E-C2D9A87632EA}.Debug|Any CPU.Build.0 = Debug|Any CPU
		{AF24B5DE-967A-4069-9B7E-C2D9A87632EA}.Release|Any CPU.ActiveCfg = Release|Any CPU
		{AF24B5DE-967A-4069-9B7E-C2D9A87632EA}.Release|Any CPU.Build.0 = Release|Any CPU
		{AF24B5DE-967A-4069-9B7E-C2D9A87632EA}.Test|Any CPU.ActiveCfg = Test|Any CPU
		{AF24B5DE-967A-4069-9B7E-C2D9A87632EA}.Test|Any CPU.Build.0 = Test|Any CPU
	EndGlobalSection
	GlobalSection(MonoDevelopProperties) = preSolution
		StartupItem = test\test.csproj
		version = 1.02
	EndGlobalSection
EndGlobal
